# THIS IS AN AUTOGENERATED FILE. DO NOT EDIT THIS FILE DIRECTLY.
# yarn lockfile v1


angular-route@^1.7.7:
  version "1.7.7"
  resolved "https://registry.yarnpkg.com/angular-route/-/angular-route-1.7.7.tgz#0573c8efa87e735bcd4f64f6551a176faca3b6d1"
  integrity sha512-nshsCti751h8GfvYQ2nlTbQnaY/q5zvxLctj78sS5SjB8iRDqNbT1NVNz8B/nDQUudjc7etE7xYaTdM8idzq6g==

angular@^1.7.7:
  version "1.7.7"
  resolved "https://registry.yarnpkg.com/angular/-/angular-1.7.7.tgz#26bd87693deadcbd5944610a7a0463fc79a18803"
  integrity sha512-MH3JEGd8y/EkNCKJ8EV6Ch0j9X0rZTta/QVIDpBWaIdfh85/e5KO8+ZKgvWIb02MQuiS20pDFmMFlv4ZaLcLWg==

bootstrap@3.3.7:
  version "3.3.7"
  resolved "https://registry.yarnpkg.com/bootstrap/-/bootstrap-3.3.7.tgz#5a389394549f23330875a3b150656574f8a9eb71"
  integrity sha1-WjiTlFSfIzMIdaOxUGVldPip63E=
